
Microsoft Visual Studio Solution File, Format Version 12.00
# Visual Studio Version 17
VisualStudioVersion = 17.14.37111.16 d17.14
MinimumVisualStudioVersion = 10.0.40219.1
Project("{FAE04EC0-301F-11D3-BF4B-00C04F79EFBC}") = "projeto-integrador", "projeto-integrador.csproj", "{DE7F5F30-CC38-490A-808E-AED66EE4DFAE}"
EndProject
Global
	GlobalSection(SolutionConfigurationPlatforms) = preSolution
		Debug|Any CPU = Debug|Any CPU
		Release|Any CPU = Release|Any CPU
	EndGlobalSection
	GlobalSection(ProjectConfigurationPlatforms) = postSolution
		{DE7F5F30-CC38-490A-808E-AED66EE4DFAE}.Debug|Any CPU.ActiveCfg = Debug|Any CPU
		{DE7F5F30-CC38-490A-808E-AED66EE4DFAE}.Debug|Any CPU.Build.0 = Debug|Any CPU
		{DE7F5F30-CC38-490A-808E-AED66EE4DFAE}.Release|Any CPU.ActiveCfg = Release|Any CPU
		{DE7F5F30-CC38-490A-808E-AED66EE4DFAE}.Release|Any CPU.Build.0 = Release|Any CPU
	EndGlobalSection
	GlobalSection(SolutionProperties) = preSolution
		HideSolutionNode = FALSE
	EndGlobalSection
	GlobalSection(ExtensibilityGlobals) = postSolution
		SolutionGuid = {3C845CA4-85FF-41D9-A928-46D444DB79B3}
	EndGlobalSection
EndGlobal
